// !$*UTF8*$!
{
	archiveVersion = 1;
	classes = {
	};
	objectVersion = 46;
	objects = {

/* Begin PBXBuildFile section */
		772D73061A110382000E29B6 /* AppDelegate.swift in Sources */ = {isa = PBXBuildFile; fileRef = 772D73051A110382000E29B6 /* AppDelegate.swift */; };
		772D73081A110382000E29B6 /* ViewController.swift in Sources */ = {isa = PBXBuildFile; fileRef = 772D73071A110382000E29B6 /* ViewController.swift */; };
		772D730B1A110382000E29B6 /* Main.storyboard in Resources */ = {isa = PBXBuildFile; fileRef = 772D73091A110382000E29B6 /* Main.storyboard */; };
		772D730D1A110382000E29B6 /* Images.xcassets in Resources */ = {isa = PBXBuildFile; fileRef = 772D730C1A110382000E29B6 /* Images.xcassets */; };
		772D73101A110382000E29B6 /* LaunchScreen.xib in Resources */ = {isa = PBXBuildFile; fileRef = 772D730E1A110382000E29B6 /* LaunchScreen.xib */; };
		772D731C1A110382000E29B6 /* HelloWorldTests.swift in Sources */ = {isa = PBXBuildFile; fileRef = 772D731B1A110382000E29B6 /* HelloWorldTests.swift */; };
/* End PBXBuildFile section */

/* Begin PBXContainerItemProxy section */
		772D73161A110382000E29B6 /* PBXContainerItemProxy */ = {
			isa = PBXContainerItemProxy;
			containerPortal = 772D72F81A110382000E29B6 /* Project object */;
			proxyType = 1;
			remoteGlobalIDString = 772D72FF1A110382000E29B6;
			remoteInfo = HelloWorld;
		};
/* End PBXContainerItemProxy section */

/* Begin PBXFileReference section */
		772D73001A110382000E29B6 /* HelloWorld.app */ = {isa = PBXFileReference; explicitFileType = wrapper.application; includeInIndex = 0; path = HelloWorld.app; sourceTree = BUILT_PRODUCTS_DIR; };
		772D73041A110382000E29B6 /* Info.plist */ = {isa = PBXFileReference; lastKnownFileType = text.plist.xml; path = Info.plist; sourceTree = "<group>"; };
		772D73051A110382000E29B6 /* AppDelegate.swift */ = {isa = PBXFileReference; lastKnownFileType = sourcecode.swift; path = AppDelegate.swift; sourceTree = "<group>"; };
		772D73071A110382000E29B6 /* ViewController.swift */ = {isa = PBXFileReference; lastKnownFileType = sourcecode.swift; path = ViewController.swift; sourceTree = "<group>"; };
		772D730A1A110382000E29B6 /* Base */ = {isa = PBXFileReference; lastKnownFileType = file.storyboard; name = Base; path = Base.lproj/Main.storyboard; sourceTree = "<group>"; };
		772D730C1A110382000E29B6 /* Images.xcassets */ = {isa = PBXFileReference; lastKnownFileType = folder.assetcatalog; path = Images.xcassets; sourceTree = "<group>"; };
		772D730F1A110382000E29B6 /* Base */ = {isa = PBXFileReference; lastKnownFileType = file.xib; name = Base; path = Base.lproj/LaunchScreen.xib; sourceTree = "<group>"; };
		772D73151A110382000E29B6 /* HelloWorldTests.xctest */ = {isa = PBXFileReference; explicitFileType = wrapper.cfbundle; includeInIndex = 0; path = HelloWorldTests.xctest; sourceTree = BUILT_PRODUCTS_DIR; };
		772D731A1A110382000E29B6 /* Info.plist */ = {isa = PBXFileReference; lastKnownFileType = text.plist.xml; path = Info.plist; sourceTree = "<group>"; };
		772D731B1A110382000E29B6 /* HelloWorldTests.swift */ = {isa = PBXFileReference; lastKnownFileType = sourcecode.swift; path = HelloWorldTests.swift; sourceTree = "<group>"; };
/* End PBXFileReference section */

/* Begin PBXFrameworksBuildPhase section */
		772D72FD1A110382000E29B6 /* Frameworks */ = {
			isa = PBXFrameworksBuildPhase;
			buildActionMask = 2147483647;
			files = (
			);
			runOnlyForDeploymentPostprocessing = 0;
		};
		772D73121A110382000E29B6 /* Frameworks */ = {
			isa = PBXFrameworksBuildPhase;
			buildActionMask = 2147483647;
			files = (
			);
			runOnlyForDeploymentPostprocessing = 0;
		};
/* End PBXFrameworksBuildPhase section */

/* Begin PBXGroup section */
		772D72F71A110382000E29B6 = {
			isa = PBXGroup;
			children = (
				772D73021A110382000E29B6 /* HelloWorld */,
				772D73181A110382000E29B6 /* HelloWorldTests */,
				772D73011A110382000E29B6 /* Products */,
			);
			sourceTree = "<group>";
		};
		772D73011A110382000E29B6 /* Products */ = {
			isa = PBXGroup;
			children = (
				772D73001A110382000E29B6 /* HelloWorld.app */,
				772D73151A110382000E29B6 /* HelloWorldTests.xctest */,
			);
			name = Products;
			sourceTree = "<group>";
		};
		772D73021A110382000E29B6 /* HelloWorld */ = {
			isa = PBXGroup;
			children = (
				772D73051A110382000E29B6 /* AppDelegate.swift */,
				772D73071A110382000E29B6 /* ViewController.swift */,
				772D73091A110382000E29B6 /* Main.storyboard */,
				772D730C1A110382000E29B6 /* Images.xcassets */,
				772D730E1A110382000E29B6 /* LaunchScreen.xib */,
				772D73031A110382000E29B6 /* Supporting Files */,
			);
			path = HelloWorld;
			sourceTree = "<group>";
		};
		772D73031A110382000E29B6 /* Supporting Files */ = {
			isa = PBXGroup;
			children = (
				772D73041A110382000E29B6 /* Info.plist */,
			);
			name = "Supporting Files";
			sourceTree = "<group>";
		};
		772D73181A110382000E29B6 /* HelloWorldTests */ = {
			isa = PBXGroup;
			children = (
				772D731B1A110382000E29B6 /* HelloWorldTests.swift */,
				772D73191A110382000E29B6 /* Supporting Files */,
			);
			path = HelloWorldTests;
			sourceTree = "<group>";
		};
		772D73191A110382000E29B6 /* Supporting Files */ = {
			isa = PBXGroup;
			children = (
				772D731A1A110382000E29B6 /* Info.plist */,
			);
			name = "Supporting Files";
			sourceTree = "<group>";
		};
/* End PBXGroup section */

/* Begin PBXNativeTarget section */
		772D72FF1A110382000E29B6 /* HelloWorld */ = {
			isa = PBXNativeTarget;
			buildConfigurationList = 772D731F1A110382000E29B6 /* Build configuration list for PBXNativeTarget "HelloWorld" */;
			buildPhases = (
				772D72FC1A110382000E29B6 /* Sources */,
				772D72FD1A110382000E29B6 /* Frameworks */,
				772D72FE1A110382000E29B6 /* Resources */,
			);
			buildRules = (
			);
			dependencies = (
			);
			name = HelloWorld;
			productName = HelloWorld;
			productReference = 772D73001A110382000E29B6 /* HelloWorld.app */;
			productType = "com.apple.product-type.application";
		};
		772D73141A110382000E29B6 /* HelloWorldTests */ = {
			isa = PBXNativeTarget;
			buildConfigurationList = 772D73221A110382000E29B6 /* Build configuration list for PBXNativeTarget "HelloWorldTests" */;
			buildPhases = (
				772D73111A110382000E29B6 /* Sources */,
				772D73121A110382000E29B6 /* Frameworks */,
				772D73131A110382000E29B6 /* Resources */,
			);
			buildRules = (
			);
			dependencies = (
				772D73171A110382000E29B6 /* PBXTargetDependency */,
			);
			name = HelloWorldTests;
			productName = HelloWorldTests;
			productReference = 772D73151A110382000E29B6 /* HelloWorldTests.xctest */;
			productType = "com.apple.product-type.bundle.unit-test";
		};
/* End PBXNativeTarget section */

/* Begin PBXProject section */
		772D72F81A110382000E29B6 /* Project object */ = {
			isa = PBXProject;
			attributes = {
				LastUpgradeCheck = 0610;
				ORGANIZATIONNAME = "Shubham BHAGAT";
				TargetAttributes = {
					772D72FF1A110382000E29B6 = {
						CreatedOnToolsVersion = 6.1;
					};
					772D73141A110382000E29B6 = {
						CreatedOnToolsVersion = 6.1;
						TestTargetID = 772D72FF1A110382000E29B6;
					};
				};
			};
			buildConfigurationList = 772D72FB1A110382000E29B6 /* Build configuration list for PBXProject "HelloWorld" */;
			compatibilityVersion = "Xcode 3.2";
			developmentRegion = English;
			hasScannedForEncodings = 0;
			knownRegions = (
				en,
				Base,
			);
			mainGroup = 772D72F71A110382000E29B6;
			productRefGroup = 772D73011A110382000E29B6 /* Products */;
			projectDirPath = "";
			projectRoot = "";
			targets = (
				772D72FF1A110382000E29B6 /* HelloWorld */,
				772D73141A110382000E29B6 /* HelloWorldTests */,
			);
		};
/* End PBXProject section */

/* Begin PBXResourcesBuildPhase section */
		772D72FE1A110382000E29B6 /* Resources */ = {
			isa = PBXResourcesBuildPhase;
			buildActionMask = 2147483647;
			files = (
				772D730B1A110382000E29B6 /* Main.storyboard in Resources */,
				772D73101A110382000E29B6 /* LaunchScreen.xib in Resources */,
				772D730D1A110382000E29B6 /* Images.xcassets in Resources */,
			);
			runOnlyForDeploymentPostprocessing = 0;
		};
		772D73131A110382000E29B6 /* Resources */ = {
			isa = PBXResourcesBuildPhase;
			buildActionMask = 2147483647;
			files = (
			);
			runOnlyForDeploymentPostprocessing = 0;
		};
/* End PBXResourcesBuildPhase section */

/* Begin PBXSourcesBuildPhase section */
		772D72FC1A110382000E29B6 /* Sources */ = {
			isa = PBXSourcesBuildPhase;
			buildActionMask = 2147483647;
			files = (
				772D73081A110382000E29B6 /* ViewController.swift in Sources */,
				772D73061A110382000E29B6 /* AppDelegate.swift in Sources */,
			);
			runOnlyForDeploymentPostprocessing = 0;
		};
		772D73111A110382000E29B6 /* Sources */ = {
			isa = PBXSourcesBuildPhase;
			buildActionMask = 2147483647;
			files = (
				772D731C1A110382000E29B6 /* HelloWorldTests.swift in Sources */,
			);
			runOnlyForDeploymentPostprocessing = 0;
		};
/* End PBXSourcesBuildPhase section */

/* Begin PBXTargetDependency section */
		772D73171A110382000E29B6 /* PBXTargetDependency */ = {
			isa = PBXTargetDependency;
			target = 772D72FF1A110382000E29B6 /* HelloWorld */;
			targetProxy = 772D73161A110382000E29B6 /* PBXContainerItemProxy */;
		};
/* End PBXTargetDependency section */

/* Begin PBXVariantGroup section */
		772D73091A110382000E29B6 /* Main.storyboard */ = {
			isa = PBXVariantGroup;
			children = (
				772D730A1A110382000E29B6 /* Base */,
			);
			name = Main.storyboard;
			sourceTree = "<group>";
		};
		772D730E1A110382000E29B6 /* LaunchScreen.xib */ = {
			isa = PBXVariantGroup;
			children = (
				772D730F1A110382000E29B6 /* Base */,
			);
			name = LaunchScreen.xib;
			sourceTree = "<group>";
		};
/* End PBXVariantGroup section */

/* Begin XCBuildConfiguration section */
		772D731D1A110382000E29B6 /* Debug */ = {
			isa = XCBuildConfiguration;
			buildSettings = {
				ALWAYS_SEARCH_USER_PATHS = NO;
				CLANG_CXX_LANGUAGE_STANDARD = "gnu++0x";
				CLANG_CXX_LIBRARY = "libc++";
				CLANG_ENABLE_MODULES = YES;
				CLANG_ENABLE_OBJC_ARC = YES;
				CLANG_WARN_BOOL_CONVERSION = YES;
				CLANG_WARN_CONSTANT_CONVERSION = YES;
				CLANG_WARN_DIRECT_OBJC_ISA_USAGE = YES_ERROR;
				CLANG_WARN_EMPTY_BODY = YES;
				CLANG_WARN_ENUM_CONVERSION = YES;
				CLANG_WARN_INT_CONVERSION = YES;
				CLANG_WARN_OBJC_ROOT_CLASS = YES_ERROR;
				CLANG_WARN_UNREACHABLE_CODE = YES;
				CLANG_WARN__DUPLICATE_METHOD_MATCH = YES;
				"CODE_SIGN_IDENTITY[sdk=iphoneos*]" = "iPhone Developer";
				COPY_PHASE_STRIP = NO;
				ENABLE_STRICT_OBJC_MSGSEND = YES;
				GCC_C_LANGUAGE_STANDARD = gnu99;
				GCC_DYNAMIC_NO_PIC = NO;
				GCC_OPTIMIZATION_LEVEL = 0;
				GCC_PREPROCESSOR_DEFINITIONS = (
					"DEBUG=1",
					"$(inherited)",
				);
				GCC_SYMBOLS_PRIVATE_EXTERN = NO;
				GCC_WARN_64_TO_32_BIT_CONVERSION = YES;
				GCC_WARN_ABOUT_RETURN_TYPE = YES_ERROR;
				GCC_WARN_UNDECLARED_SELECTOR = YES;
				GCC_WARN_UNINITIALIZED_AUTOS = YES_AGGRESSIVE;
				GCC_WARN_UNUSED_FUNCTION = YES;
				GCC_WARN_UNUSED_VARIABLE = YES;
				IPHONEOS_DEPLOYMENT_TARGET = 8.1;
				MTL_ENABLE_DEBUG_INFO = YES;
				ONLY_ACTIVE_ARCH = YES;
				SDKROOT = iphoneos;
				SWIFT_OPTIMIZATION_LEVEL = "-Onone";
				TARGETED_DEVICE_FAMILY = "1,2";
			};
			name = Debug;
		};
		772D731E1A110382000E29B6 /* Release */ = {
			isa = XCBuildConfiguration;
			buildSettings = {
				ALWAYS_SEARCH_USER_PATHS = NO;
				CLANG_CXX_LANGUAGE_STANDARD = "gnu++0x";
				CLANG_CXX_LIBRARY = "libc++";
				CLANG_ENABLE_MODULES = YES;
				CLANG_ENABLE_OBJC_ARC = YES;
				CLANG_WARN_BOOL_CONVERSION = YES;
				CLANG_WARN_CONSTANT_CONVERSION = YES;
				CLANG_WARN_DIRECT_OBJC_ISA_USAGE = YES_ERROR;
				CLANG_WARN_EMPTY_BODY = YES;
				CLANG_WARN_ENUM_CONVERSION = YES;
				CLANG_WARN_INT_CONVERSION = YES;
				CLANG_WARN_OBJC_ROOT_CLASS = YES_ERROR;
				CLANG_WARN_UNREACHABLE_CODE = YES;
				CLANG_WARN__DUPLICATE_METHOD_MATCH = YES;
				"CODE_SIGN_IDENTITY[sdk=iphoneos*]" = "iPhone Developer";
				COPY_PHASE_STRIP = YES;
				ENABLE_NS_ASSERTIONS = NO;
				ENABLE_STRICT_OBJC_MSGSEND = YES;
				GCC_C_LANGUAGE_STANDARD = gnu99;
				GCC_WARN_64_TO_32_BIT_CONVERSION = YES;
				GCC_WARN_ABOUT_RETURN_TYPE = YES_ERROR;
				GCC_WARN_UNDECLARED_SELECTOR = YES;
				GCC_WARN_UNINITIALIZED_AUTOS = YES_AGGRESSIVE;
				GCC_WARN_UNUSED_FUNCTION = YES;
				GCC_WARN_UNUSED_VARIABLE = YES;
				IPHONEOS_DEPLOYMENT_TARGET = 8.1;
				MTL_ENABLE_DEBUG_INFO = NO;
				SDKROOT = iphoneos;
				TARGETED_DEVICE_FAMILY = "1,2";
				VALIDATE_PRODUCT = YES;
			};
			name = Release;
		};
		772D73201A110382000E29B6 /* Debug */ = {
			isa = XCBuildConfiguration;
			buildSettings = {
				ASSETCATALOG_COMPILER_APPICON_NAME = AppIcon;
				INFOPLIST_FILE = HelloWorld/Info.plist;
				LD_RUNPATH_SEARCH_PATHS = "$(inherited) @executable_path/Frameworks";
				PRODUCT_NAME = "$(TARGET_NAME)";
			};
			name = Debug;
		};
		772D73211A110382000E29B6 /* Release */ = {
			isa = XCBuildConfiguration;
			buildSettings = {
				ASSETCATALOG_COMPILER_APPICON_NAME = AppIcon;
				INFOPLIST_FILE = HelloWorld/Info.plist;
				LD_RUNPATH_SEARCH_PATHS = "$(inherited) @executable_path/Frameworks";
				PRODUCT_NAME = "$(TARGET_NAME)";
			};
			name = Release;
		};
		772D73231A110382000E29B6 /* Debug */ = {
			isa = XCBuildConfiguration;
			buildSettings = {
				BUNDLE_LOADER = "$(TEST_HOST)";
				FRAMEWORK_SEARCH_PATHS = (
					"$(SDKROOT)/Developer/Library/Frameworks",
					"$(inherited)",
				);
				GCC_PREPROCESSOR_DEFINITIONS = (
					"DEBUG=1",
					"$(inherited)",
				);
				INFOPLIST_FILE = HelloWorldTests/Info.plist;
				LD_RUNPATH_SEARCH_PATHS = "$(inherited) @executable_path/Frameworks @loader_path/Frameworks";
				PRODUCT_NAME = "$(TARGET_NAME)";
				TEST_HOST = "$(BUILT_PRODUCTS_DIR)/HelloWorld.app/HelloWorld";
			};
			name = Debug;
		};
		772D73241A110382000E29B6 /* Release */ = {
			isa = XCBuildConfiguration;
			buildSettings = {
				BUNDLE_LOADER = "$(TEST_HOST)";
				FRAMEWORK_SEARCH_PATHS = (
					"$(SDKROOT)/Developer/Library/Frameworks",
					"$(inherited)",
				);
				INFOPLIST_FILE = HelloWorldTests/Info.plist;
				LD_RUNPATH_SEARCH_PATHS = "$(inherited) @executable_path/Frameworks @loader_path/Frameworks";
				PRODUCT_NAME = "$(TARGET_NAME)";
				TEST_HOST = "$(BUILT_PRODUCTS_DIR)/HelloWorld.app/HelloWorld";
			};
			name = Release;
		};
/* End XCBuildConfiguration section */

/* Begin XCConfigurationList section */
		772D72FB1A110382000E29B6 /* Build configuration list for PBXProject "HelloWorld" */ = {
			isa = XCConfigurationList;
			buildConfigurations = (
				772D731D1A110382000E29B6 /* Debug */,
				772D731E1A110382000E29B6 /* Release */,
			);
			defaultConfigurationIsVisible = 0;
			defaultConfigurationName = Release;
		};
		772D731F1A110382000E29B6 /* Build configuration list for PBXNativeTarget "HelloWorld" */ = {
			isa = XCConfigurationList;
			buildConfigurations = (
				772D73201A110382000E29B6 /* Debug */,
				772D73211A110382000E29B6 /* Release */,
			);
			defaultConfigurationIsVisible = 0;
		};
		772D73221A110382000E29B6 /* Build configuration list for PBXNativeTarget "HelloWorldTests" */ = {
			isa = XCConfigurationList;
			buildConfigurations = (
				772D73231A110382000E29B6 /* Debug */,
				772D73241A110382000E29B6 /* Release */,
			);
			defaultConfigurationIsVisible = 0;
		};
/* End XCConfigurationList section */
	};
	rootObject = 772D72F81A110382000E29B6 /* Project object */;
}
